
Microsoft Visual Studio Solution File, Format Version 12.00
# Visual Studio Version 16
VisualStudioVersion = 16.0.35229.62
MinimumVisualStudioVersion = 10.0.40219.1
Project("{F184B08F-C81C-45F6-A57F-5ABD9991F28F}") = "Campus Compass (CamPASS)", "Campus Compass (CamPASS).vbproj", "{0C074DDD-9195-4F8B-A73B-99EAF4A8500E}"
EndProject
Global
	GlobalSection(SolutionConfigurationPlatforms) = preSolution
		Debug|Any CPU = Debug|Any CPU
		Release|Any CPU = Release|Any CPU
	EndGlobalSection
	GlobalSection(ProjectConfigurationPlatforms) = postSolution
		{0C074DDD-9195-4F8B-A73B-99EAF4A8500E}.Debug|Any CPU.ActiveCfg = Debug|Any CPU
		{0C074DDD-9195-4F8B-A73B-99EAF4A8500E}.Debug|Any CPU.Build.0 = Debug|Any CPU
		{0C074DDD-9195-4F8B-A73B-99EAF4A8500E}.Release|Any CPU.ActiveCfg = Release|Any CPU
		{0C074DDD-9195-4F8B-A73B-99EAF4A8500E}.Release|Any CPU.Build.0 = Release|Any CPU
	EndGlobalSection
	GlobalSection(SolutionProperties) = preSolution
		HideSolutionNode = FALSE
	EndGlobalSection
	GlobalSection(ExtensibilityGlobals) = postSolution
		SolutionGuid = {4EDEAD62-4281-4318-8F5E-DFA96A50CD8B}
	EndGlobalSection
EndGlobal
